
Microsoft Visual Studio Solution File, Format Version 12.00
# Visual Studio Version 16
VisualStudioVersion = 16.0.31229.75
MinimumVisualStudioVersion = 10.0.40219.1
Project("{FAE04EC0-301F-11D3-BF4B-00C04F79EFBC}") = "CRUDProgram", "CRUDProgram.csproj", "{2C383CC8-B4D5-4B4C-930D-53D8F980E898}"
EndProject
Global
	GlobalSection(SolutionConfigurationPlatforms) = preSolution
		Debug|Any CPU = Debug|Any CPU
		Release|Any CPU = Release|Any CPU
	EndGlobalSection
	GlobalSection(ProjectConfigurationPlatforms) = postSolution
		{2C383CC8-B4D5-4B4C-930D-53D8F980E898}.Debug|Any CPU.ActiveCfg = Debug|Any CPU
		{2C383CC8-B4D5-4B4C-930D-53D8F980E898}.Debug|Any CPU.Build.0 = Debug|Any CPU
		{2C383CC8-B4D5-4B4C-930D-53D8F980E898}.Release|Any CPU.ActiveCfg = Release|Any CPU
		{2C383CC8-B4D5-4B4C-930D-53D8F980E898}.Release|Any CPU.Build.0 = Release|Any CPU
	EndGlobalSection
	GlobalSection(SolutionProperties) = preSolution
		HideSolutionNode = FALSE
	EndGlobalSection
	GlobalSection(ExtensibilityGlobals) = postSolution
		SolutionGuid = {69A9A098-37B0-4B67-8929-E19C3AD7E10D}
	EndGlobalSection
EndGlobal
